
Microsoft Visual Studio Solution File, Format Version 12.00
# Visual Studio 15
VisualStudioVersion = 15.0.27004.2006
MinimumVisualStudioVersion = 10.0.40219.1
Project("{9A19103F-16F7-4668-BE54-9A1E7A4F7556}") = "OnionPattern.Domain", "OnionPattern.Domain\OnionPattern.Domain.csproj", "{DD510D19-E406-4F06-9AD7-7A049DBE131F}"
EndProject
Project("{2150E333-8FDC-42A3-9474-1A3956D46DE8}") = "Solution Items", "Solution Items", "{EE64414B-EA19-4CD6-8EC5-82D14970EFC4}"
	ProjectSection(SolutionItems) = preProject
		..\.gitattributes = ..\.gitattributes
		..\.gitignore = ..\.gitignore
		..\LICENSE.md = ..\LICENSE.md
		..\OnionPattern.DependencyGraph.PNG = ..\OnionPattern.DependencyGraph.PNG
		..\README.md = ..\README.md
	EndProjectSection
EndProject
Project("{2150E333-8FDC-42A3-9474-1A3956D46DE8}") = "Source", "Source", "{CDDBCFD6-438C-4583-A9C0-22EE5425E605}"
EndProject
Project("{2150E333-8FDC-42A3-9474-1A3956D46DE8}") = "Tests", "Tests", "{BD86FAFB-0DB9-46FA-BE21-350642B83A51}"
EndProject
Project("{9A19103F-16F7-4668-BE54-9A1E7A4F7556}") = "OnionPattern.Domain.Tests", "OnionPattern.Domain.Tests\OnionPattern.Domain.Tests.csproj", "{5E7060AB-F5DC-49E1-964C-2E43FFA6A2D4}"
EndProject
Project("{9A19103F-16F7-4668-BE54-9A1E7A4F7556}") = "OnionPattern.DependencyInjection", "OnionPattern.DependencyInjection\OnionPattern.DependencyInjection.csproj", "{4461C80A-E29C-4197-B5D5-088914DDEF0C}"
EndProject
Project("{9A19103F-16F7-4668-BE54-9A1E7A4F7556}") = "OnionPattern.DependencyInjection.Tests", "OnionPattern.DependencyInjection.Tests\OnionPattern.DependencyInjection.Tests.csproj", "{C4BDA5EF-38D0-44A0-A82F-7A8D8A567602}"
EndProject
Project("{9A19103F-16F7-4668-BE54-9A1E7A4F7556}") = "OnionPattern.DataAccess.EF", "OnionPattern.DataAccess.EF\OnionPattern.DataAccess.EF.csproj", "{61D88CD8-E023-44EF-A2D5-CFEE46DE3CC1}"
EndProject
Project("{9A19103F-16F7-4668-BE54-9A1E7A4F7556}") = "OnionPattern.Service", "OnionPattern.Service\OnionPattern.Service.csproj", "{2B582B62-200B-455A-8E3E-010A2B8A5EAC}"
EndProject
Project("{9A19103F-16F7-4668-BE54-9A1E7A4F7556}") = "OnionPattern.Service.Tests", "OnionPattern.Service.Tests\OnionPattern.Service.Tests.csproj", "{7AC0DECB-81FD-46D2-A6DC-569D3EB95DBD}"
EndProject
Project("{9A19103F-16F7-4668-BE54-9A1E7A4F7556}") = "OnionPattern.DataAccess.EF.Tests", "OnionPattern.DataAccess.EF.Tests\OnionPattern.DataAccess.EF.Tests.csproj", "{8C6EFEA2-FCBA-4A7E-A3A9-F4B75C8CAFD9}"
EndProject
Project("{9A19103F-16F7-4668-BE54-9A1E7A4F7556}") = "OnionPattern.Api", "OnionPattern.Api\OnionPattern.Api.csproj", "{E8E2CA5C-A352-4E9C-A6DF-4C2CF01DE8A3}"
EndProject
Project("{9A19103F-16F7-4668-BE54-9A1E7A4F7556}") = "OnionPattern.Api.Tests", "OnionPattern.Api.Tests\OnionPattern.Api.Tests.csproj", "{E883E6B4-DD55-4444-B0E1-465DAFD01834}"
EndProject
Project("{00D1A9C2-B5F0-4AF3-8072-F6C62B433612}") = "OnionPattern.Database", "OnionPattern.Database\OnionPattern.Database.sqlproj", "{0D72D142-FAE7-4984-A47F-47F10969F4B5}"
EndProject
Project("{9A19103F-16F7-4668-BE54-9A1E7A4F7556}") = "OnionPattern.Mapping", "OnionPattern.Mapping\OnionPattern.Mapping.csproj", "{AA56B2A6-72B2-414F-8F65-8CC50492DD85}"
EndProject
Project("{9A19103F-16F7-4668-BE54-9A1E7A4F7556}") = "OnionPattern.Mapping.Tests", "OnionPattern.Mapping.Tests\OnionPattern.Mapping.Tests.csproj", "{07C8421D-3EFE-451D-9020-59FE56FE9027}"
EndProject
Project("{2150E333-8FDC-42A3-9474-1A3956D46DE8}") = "Mocks", "Mocks", "{9B09E51A-CCEF-4926-B207-669279E98E97}"
EndProject
Project("{FAE04EC0-301F-11D3-BF4B-00C04F79EFBC}") = "OnionPattern.DataAccess.EF.Mock.Data", "OnionPattern.DataAccess.EF.Mock.Data\OnionPattern.DataAccess.EF.Mock.Data.csproj", "{8CEAE445-E492-4B78-B975-11BC52616FD0}"
EndProject
Global
	GlobalSection(SolutionConfigurationPlatforms) = preSolution
		Debug|Any CPU = Debug|Any CPU
		Release|Any CPU = Release|Any CPU
	EndGlobalSection
	GlobalSection(ProjectConfigurationPlatforms) = postSolution
		{DD510D19-E406-4F06-9AD7-7A049DBE131F}.Debug|Any CPU.ActiveCfg = Debug|Any CPU
		{DD510D19-E406-4F06-9AD7-7A049DBE131F}.Debug|Any CPU.Build.0 = Debug|Any CPU
		{DD510D19-E406-4F06-9AD7-7A049DBE131F}.Release|Any CPU.ActiveCfg = Release|Any CPU
		{DD510D19-E406-4F06-9AD7-7A049DBE131F}.Release|Any CPU.Build.0 = Release|Any CPU
		{5E7060AB-F5DC-49E1-964C-2E43FFA6A2D4}.Debug|Any CPU.ActiveCfg = Debug|Any CPU
		{5E7060AB-F5DC-49E1-964C-2E43FFA6A2D4}.Debug|Any CPU.Build.0 = Debug|Any CPU
		{5E7060AB-F5DC-49E1-964C-2E43FFA6A2D4}.Release|Any CPU.ActiveCfg = Release|Any CPU
		{5E7060AB-F5DC-49E1-964C-2E43FFA6A2D4}.Release|Any CPU.Build.0 = Release|Any CPU
		{4461C80A-E29C-4197-B5D5-088914DDEF0C}.Debug|Any CPU.ActiveCfg = Debug|Any CPU
		{4461C80A-E29C-4197-B5D5-088914DDEF0C}.Debug|Any CPU.Build.0 = Debug|Any CPU
		{4461C80A-E29C-4197-B5D5-088914DDEF0C}.Release|Any CPU.ActiveCfg = Release|Any CPU
		{4461C80A-E29C-4197-B5D5-088914DDEF0C}.Release|Any CPU.Build.0 = Release|Any CPU
		{C4BDA5EF-38D0-44A0-A82F-7A8D8A567602}.Debug|Any CPU.ActiveCfg = Debug|Any CPU
		{C4BDA5EF-38D0-44A0-A82F-7A8D8A567602}.Debug|Any CPU.Build.0 = Debug|Any CPU
		{C4BDA5EF-38D0-44A0-A82F-7A8D8A567602}.Release|Any CPU.ActiveCfg = Release|Any CPU
		{C4BDA5EF-38D0-44A0-A82F-7A8D8A567602}.Release|Any CPU.Build.0 = Release|Any CPU
		{61D88CD8-E023-44EF-A2D5-CFEE46DE3CC1}.Debug|Any CPU.ActiveCfg = Debug|Any CPU
		{61D88CD8-E023-44EF-A2D5-CFEE46DE3CC1}.Debug|Any CPU.Build.0 = Debug|Any CPU
		{61D88CD8-E023-44EF-A2D5-CFEE46DE3CC1}.Release|Any CPU.ActiveCfg = Release|Any CPU
		{61D88CD8-E023-44EF-A2D5-CFEE46DE3CC1}.Release|Any CPU.Build.0 = Release|Any CPU
		{2B582B62-200B-455A-8E3E-010A2B8A5EAC}.Debug|Any CPU.ActiveCfg = Debug|Any CPU
		{2B582B62-200B-455A-8E3E-010A2B8A5EAC}.Debug|Any CPU.Build.0 = Debug|Any CPU
		{2B582B62-200B-455A-8E3E-010A2B8A5EAC}.Release|Any CPU.ActiveCfg = Release|Any CPU
		{2B582B62-200B-455A-8E3E-010A2B8A5EAC}.Release|Any CPU.Build.0 = Release|Any CPU
		{7AC0DECB-81FD-46D2-A6DC-569D3EB95DBD}.Debug|Any CPU.ActiveCfg = Debug|Any CPU
		{7AC0DECB-81FD-46D2-A6DC-569D3EB95DBD}.Debug|Any CPU.Build.0 = Debug|Any CPU
		{7AC0DECB-81FD-46D2-A6DC-569D3EB95DBD}.Release|Any CPU.ActiveCfg = Release|Any CPU
		{7AC0DECB-81FD-46D2-A6DC-569D3EB95DBD}.Release|Any CPU.Build.0 = Release|Any CPU
		{8C6EFEA2-FCBA-4A7E-A3A9-F4B75C8CAFD9}.Debug|Any CPU.ActiveCfg = Debug|Any CPU
		{8C6EFEA2-FCBA-4A7E-A3A9-F4B75C8CAFD9}.Debug|Any CPU.Build.0 = Debug|Any CPU
		{8C6EFEA2-FCBA-4A7E-A3A9-F4B75C8CAFD9}.Release|Any CPU.ActiveCfg = Release|Any CPU
		{8C6EFEA2-FCBA-4A7E-A3A9-F4B75C8CAFD9}.Release|Any CPU.Build.0 = Release|Any CPU
		{E8E2CA5C-A352-4E9C-A6DF-4C2CF01DE8A3}.Debug|Any CPU.ActiveCfg = Debug|Any CPU
		{E8E2CA5C-A352-4E9C-A6DF-4C2CF01DE8A3}.Debug|Any CPU.Build.0 = Debug|Any CPU
		{E8E2CA5C-A352-4E9C-A6DF-4C2CF01DE8A3}.Release|Any CPU.ActiveCfg = Release|Any CPU
		{E8E2CA5C-A352-4E9C-A6DF-4C2CF01DE8A3}.Release|Any CPU.Build.0 = Release|Any CPU
		{E883E6B4-DD55-4444-B0E1-465DAFD01834}.Debug|Any CPU.ActiveCfg = Debug|Any CPU
		{E883E6B4-DD55-4444-B0E1-465DAFD01834}.Debug|Any CPU.Build.0 = Debug|Any CPU
		{E883E6B4-DD55-4444-B0E1-465DAFD01834}.Release|Any CPU.ActiveCfg = Release|Any CPU
		{E883E6B4-DD55-4444-B0E1-465DAFD01834}.Release|Any CPU.Build.0 = Release|Any CPU
		{0D72D142-FAE7-4984-A47F-47F10969F4B5}.Debug|Any CPU.ActiveCfg = Debug|Any CPU
		{0D72D142-FAE7-4984-A47F-47F10969F4B5}.Debug|Any CPU.Build.0 = Debug|Any CPU
		{0D72D142-FAE7-4984-A47F-47F10969F4B5}.Debug|Any CPU.Deploy.0 = Debug|Any CPU
		{0D72D142-FAE7-4984-A47F-47F10969F4B5}.Release|Any CPU.ActiveCfg = Release|Any CPU
		{0D72D142-FAE7-4984-A47F-47F10969F4B5}.Release|Any CPU.Build.0 = Release|Any CPU
		{0D72D142-FAE7-4984-A47F-47F10969F4B5}.Release|Any CPU.Deploy.0 = Release|Any CPU
		{AA56B2A6-72B2-414F-8F65-8CC50492DD85}.Debug|Any CPU.ActiveCfg = Debug|Any CPU
		{AA56B2A6-72B2-414F-8F65-8CC50492DD85}.Debug|Any CPU.Build.0 = Debug|Any CPU
		{AA56B2A6-72B2-414F-8F65-8CC50492DD85}.Release|Any CPU.ActiveCfg = Release|Any CPU
		{AA56B2A6-72B2-414F-8F65-8CC50492DD85}.Release|Any CPU.Build.0 = Release|Any CPU
		{07C8421D-3EFE-451D-9020-59FE56FE9027}.Debug|Any CPU.ActiveCfg = Debug|Any CPU
		{07C8421D-3EFE-451D-9020-59FE56FE9027}.Debug|Any CPU.Build.0 = Debug|Any CPU
		{07C8421D-3EFE-451D-9020-59FE56FE9027}.Release|Any CPU.ActiveCfg = Release|Any CPU
		{07C8421D-3EFE-451D-9020-59FE56FE9027}.Release|Any CPU.Build.0 = Release|Any CPU
		{8CEAE445-E492-4B78-B975-11BC52616FD0}.Debug|Any CPU.ActiveCfg = Debug|Any CPU
		{8CEAE445-E492-4B78-B975-11BC52616FD0}.Debug|Any CPU.Build.0 = Debug|Any CPU
		{8CEAE445-E492-4B78-B975-11BC52616FD0}.Release|Any CPU.ActiveCfg = Release|Any CPU
		{8CEAE445-E492-4B78-B975-11BC52616FD0}.Release|Any CPU.Build.0 = Release|Any CPU
	EndGlobalSection
	GlobalSection(SolutionProperties) = preSolution
		HideSolutionNode = FALSE
	EndGlobalSection
	GlobalSection(NestedProjects) = preSolution
		{DD510D19-E406-4F06-9AD7-7A049DBE131F} = {CDDBCFD6-438C-4583-A9C0-22EE5425E605}
		{5E7060AB-F5DC-49E1-964C-2E43FFA6A2D4} = {BD86FAFB-0DB9-46FA-BE21-350642B83A51}
		{4461C80A-E29C-4197-B5D5-088914DDEF0C} = {CDDBCFD6-438C-4583-A9C0-22EE5425E605}
		{C4BDA5EF-38D0-44A0-A82F-7A8D8A567602} = {BD86FAFB-0DB9-46FA-BE21-350642B83A51}
		{61D88CD8-E023-44EF-A2D5-CFEE46DE3CC1} = {CDDBCFD6-438C-4583-A9C0-22EE5425E605}
		{2B582B62-200B-455A-8E3E-010A2B8A5EAC} = {CDDBCFD6-438C-4583-A9C0-22EE5425E605}
		{7AC0DECB-81FD-46D2-A6DC-569D3EB95DBD} = {BD86FAFB-0DB9-46FA-BE21-350642B83A51}
		{8C6EFEA2-FCBA-4A7E-A3A9-F4B75C8CAFD9} = {BD86FAFB-0DB9-46FA-BE21-350642B83A51}
		{E8E2CA5C-A352-4E9C-A6DF-4C2CF01DE8A3} = {CDDBCFD6-438C-4583-A9C0-22EE5425E605}
		{E883E6B4-DD55-4444-B0E1-465DAFD01834} = {BD86FAFB-0DB9-46FA-BE21-350642B83A51}
		{0D72D142-FAE7-4984-A47F-47F10969F4B5} = {CDDBCFD6-438C-4583-A9C0-22EE5425E605}
		{AA56B2A6-72B2-414F-8F65-8CC50492DD85} = {CDDBCFD6-438C-4583-A9C0-22EE5425E605}
		{07C8421D-3EFE-451D-9020-59FE56FE9027} = {BD86FAFB-0DB9-46FA-BE21-350642B83A51}
		{9B09E51A-CCEF-4926-B207-669279E98E97} = {CDDBCFD6-438C-4583-A9C0-22EE5425E605}
		{8CEAE445-E492-4B78-B975-11BC52616FD0} = {9B09E51A-CCEF-4926-B207-669279E98E97}
	EndGlobalSection
	GlobalSection(ExtensibilityGlobals) = postSolution
		SolutionGuid = {10BC7194-6404-43FB-9E97-A476E27278E2}
	EndGlobalSection
EndGlobal
